
Microsoft Visual Studio Solution File, Format Version 12.00
# Visual Studio Version 17
VisualStudioVersion = 17.11.35219.272
MinimumVisualStudioVersion = 10.0.40219.1
Project("{9A19103F-16F7-4668-BE54-9A1E7A4F7556}") = "MoreBombs", "MoreBombs.csproj", "{68A127E3-394D-4E02-B3C5-E0D28AEF4959}"
EndProject
Global
	GlobalSection(SolutionConfigurationPlatforms) = preSolution
		Debug|Any CPU = Debug|Any CPU
		Release|Any CPU = Release|Any CPU
	EndGlobalSection
	GlobalSection(ProjectConfigurationPlatforms) = postSolution
		{68A127E3-394D-4E02-B3C5-E0D28AEF4959}.Debug|Any CPU.ActiveCfg = Debug|Any CPU
		{68A127E3-394D-4E02-B3C5-E0D28AEF4959}.Debug|Any CPU.Build.0 = Debug|Any CPU
		{68A127E3-394D-4E02-B3C5-E0D28AEF4959}.Release|Any CPU.ActiveCfg = Release|Any CPU
		{68A127E3-394D-4E02-B3C5-E0D28AEF4959}.Release|Any CPU.Build.0 = Release|Any CPU
	EndGlobalSection
	GlobalSection(SolutionProperties) = preSolution
		HideSolutionNode = FALSE
	EndGlobalSection
	GlobalSection(ExtensibilityGlobals) = postSolution
		SolutionGuid = {217E8F03-6D07-490C-9AB5-23C792B323D8}
	EndGlobalSection
EndGlobal
